# This file is autogenerated, do not edit; changes may be undone by the next 'dep ensure'.


[[projects]]
  branch = "master"
  digest = "1:4fd682040556f9a50cc00984c7e73b7882e69df365071e58e21641bc0daadd5a"
  name = "github.com/ipinfo/go-ipinfo"
  packages = [
    "ipinfo",
    "ipinfo/cache",
  ]
  pruneopts = "UT"
  revision = "68bd5cb5356e23b23cf43c851e0b099486601db7"

[[projects]]
  digest = "1:808cdddf087fb64baeae67b8dfaee2069034d9704923a3cb8bd96a995421a625"
  name = "github.com/patrickmn/go-cache"
  packages = ["."]
  pruneopts = "UT"
  revision = "a3647f8e31d79543b2d0f0ae2fe5c379d72cedc0"
  version = "v2.1.0"

[solve-meta]
  analyzer-name = "dep"
  analyzer-version = 1
  input-imports = ["github.com/ipinfo/go-ipinfo/ipinfo"]
  solver-name = "gps-cdcl"
  solver-version = 1
